
Microsoft Visual Studio Solution File, Format Version 12.00
# Visual Studio 15
VisualStudioVersion = 15.0.27703.2042
MinimumVisualStudioVersion = 10.0.40219.1
Project("{FAE04EC0-301F-11D3-BF4B-00C04F79EFBC}") = "StudentCourseMobile.Android", "StudentCourseMobile\StudentCourseMobile.Android\StudentCourseMobile.Android.csproj", "{09D2D35C-6983-4A23-A15D-BFA9401D2BD3}"
EndProject
Project("{FAE04EC0-301F-11D3-BF4B-00C04F79EFBC}") = "StudentCourseMobile.iOS", "StudentCourseMobile\StudentCourseMobile.iOS\StudentCourseMobile.iOS.csproj", "{198C107F-CAFE-49F2-920F-03319FBA3248}"
EndProject
Project("{FAE04EC0-301F-11D3-BF4B-00C04F79EFBC}") = "StudentCourseMobile.UWP", "StudentCourseMobile\StudentCourseMobile.UWP\StudentCourseMobile.UWP.csproj", "{8C064702-3537-4F42-8AE7-560E2A0BF87E}"
EndProject
Project("{FAE04EC0-301F-11D3-BF4B-00C04F79EFBC}") = "StudentCourseMobile", "StudentCourseMobile\StudentCourseMobile\StudentCourseMobile.csproj", "{150185F3-F493-40A8-9451-CF7202DE2052}"
EndProject
Global
	GlobalSection(SolutionConfigurationPlatforms) = preSolution
		Debug|Any CPU = Debug|Any CPU
		Debug|ARM = Debug|ARM
		Debug|iPhone = Debug|iPhone
		Debug|iPhoneSimulator = Debug|iPhoneSimulator
		Debug|x64 = Debug|x64
		Debug|x86 = Debug|x86
		Release|Any CPU = Release|Any CPU
		Release|ARM = Release|ARM
		Release|iPhone = Release|iPhone
		Release|iPhoneSimulator = Release|iPhoneSimulator
		Release|x64 = Release|x64
		Release|x86 = Release|x86
	EndGlobalSection
	GlobalSection(ProjectConfigurationPlatforms) = postSolution
		{09D2D35C-6983-4A23-A15D-BFA9401D2BD3}.Debug|Any CPU.ActiveCfg = Debug|Any CPU
		{09D2D35C-6983-4A23-A15D-BFA9401D2BD3}.Debug|Any CPU.Build.0 = Debug|Any CPU
		{09D2D35C-6983-4A23-A15D-BFA9401D2BD3}.Debug|Any CPU.Deploy.0 = Debug|Any CPU
		{09D2D35C-6983-4A23-A15D-BFA9401D2BD3}.Debug|ARM.ActiveCfg = Debug|Any CPU
		{09D2D35C-6983-4A23-A15D-BFA9401D2BD3}.Debug|ARM.Build.0 = Debug|Any CPU
		{09D2D35C-6983-4A23-A15D-BFA9401D2BD3}.Debug|ARM.Deploy.0 = Debug|Any CPU
		{09D2D35C-6983-4A23-A15D-BFA9401D2BD3}.Debug|iPhone.ActiveCfg = Debug|Any CPU
		{09D2D35C-6983-4A23-A15D-BFA9401D2BD3}.Debug|iPhone.Build.0 = Debug|Any CPU
		{09D2D35C-6983-4A23-A15D-BFA9401D2BD3}.Debug|iPhone.Deploy.0 = Debug|Any CPU
		{09D2D35C-6983-4A23-A15D-BFA9401D2BD3}.Debug|iPhoneSimulator.ActiveCfg = Debug|Any CPU
		{09D2D35C-6983-4A23-A15D-BFA9401D2BD3}.Debug|iPhoneSimulator.Build.0 = Debug|Any CPU
		{09D2D35C-6983-4A23-A15D-BFA9401D2BD3}.Debug|iPhoneSimulator.Deploy.0 = Debug|Any CPU
		{09D2D35C-6983-4A23-A15D-BFA9401D2BD3}.Debug|x64.ActiveCfg = Debug|Any CPU
		{09D2D35C-6983-4A23-A15D-BFA9401D2BD3}.Debug|x64.Build.0 = Debug|Any CPU
		{09D2D35C-6983-4A23-A15D-BFA9401D2BD3}.Debug|x64.Deploy.0 = Debug|Any CPU
		{09D2D35C-6983-4A23-A15D-BFA9401D2BD3}.Debug|x86.ActiveCfg = Debug|Any CPU
		{09D2D35C-6983-4A23-A15D-BFA9401D2BD3}.Debug|x86.Build.0 = Debug|Any CPU
		{09D2D35C-6983-4A23-A15D-BFA9401D2BD3}.Debug|x86.Deploy.0 = Debug|Any CPU
		{09D2D35C-6983-4A23-A15D-BFA9401D2BD3}.Release|Any CPU.ActiveCfg = Release|Any CPU
		{09D2D35C-6983-4A23-A15D-BFA9401D2BD3}.Release|Any CPU.Build.0 = Release|Any CPU
		{09D2D35C-6983-4A23-A15D-BFA9401D2BD3}.Release|Any CPU.Deploy.0 = Release|Any CPU
		{09D2D35C-6983-4A23-A15D-BFA9401D2BD3}.Release|ARM.ActiveCfg = Release|Any CPU
		{09D2D35C-6983-4A23-A15D-BFA9401D2BD3}.Release|ARM.Build.0 = Release|Any CPU
		{09D2D35C-6983-4A23-A15D-BFA9401D2BD3}.Release|ARM.Deploy.0 = Release|Any CPU
		{09D2D35C-6983-4A23-A15D-BFA9401D2BD3}.Release|iPhone.ActiveCfg = Release|Any CPU
		{09D2D35C-6983-4A23-A15D-BFA9401D2BD3}.Release|iPhone.Build.0 = Release|Any CPU
		{09D2D35C-6983-4A23-A15D-BFA9401D2BD3}.Release|iPhone.Deploy.0 = Release|Any CPU
		{09D2D35C-6983-4A23-A15D-BFA9401D2BD3}.Release|iPhoneSimulator.ActiveCfg = Release|Any CPU
		{09D2D35C-6983-4A23-A15D-BFA9401D2BD3}.Release|iPhoneSimulator.Build.0 = Release|Any CPU
		{09D2D35C-6983-4A23-A15D-BFA9401D2BD3}.Release|iPhoneSimulator.Deploy.0 = Release|Any CPU
		{09D2D35C-6983-4A23-A15D-BFA9401D2BD3}.Release|x64.ActiveCfg = Release|Any CPU
		{09D2D35C-6983-4A23-A15D-BFA9401D2BD3}.Release|x64.Build.0 = Release|Any CPU
		{09D2D35C-6983-4A23-A15D-BFA9401D2BD3}.Release|x64.Deploy.0 = Release|Any CPU
		{09D2D35C-6983-4A23-A15D-BFA9401D2BD3}.Release|x86.ActiveCfg = Release|Any CPU
		{09D2D35C-6983-4A23-A15D-BFA9401D2BD3}.Release|x86.Build.0 = Release|Any CPU
		{09D2D35C-6983-4A23-A15D-BFA9401D2BD3}.Release|x86.Deploy.0 = Release|Any CPU
		{198C107F-CAFE-49F2-920F-03319FBA3248}.Debug|Any CPU.ActiveCfg = Debug|iPhoneSimulator
		{198C107F-CAFE-49F2-920F-03319FBA3248}.Debug|Any CPU.Build.0 = Debug|iPhoneSimulator
		{198C107F-CAFE-49F2-920F-03319FBA3248}.Debug|Any CPU.Deploy.0 = Debug|iPhoneSimulator
		{198C107F-CAFE-49F2-920F-03319FBA3248}.Debug|ARM.ActiveCfg = Debug|iPhone
		{198C107F-CAFE-49F2-920F-03319FBA3248}.Debug|ARM.Build.0 = Debug|iPhone
		{198C107F-CAFE-49F2-920F-03319FBA3248}.Debug|ARM.Deploy.0 = Debug|iPhone
		{198C107F-CAFE-49F2-920F-03319FBA3248}.Debug|iPhone.ActiveCfg = Debug|iPhone
		{198C107F-CAFE-49F2-920F-03319FBA3248}.Debug|iPhone.Build.0 = Debug|iPhone
		{198C107F-CAFE-49F2-920F-03319FBA3248}.Debug|iPhone.Deploy.0 = Debug|iPhone
		{198C107F-CAFE-49F2-920F-03319FBA3248}.Debug|iPhoneSimulator.ActiveCfg = Debug|iPhoneSimulator
		{198C107F-CAFE-49F2-920F-03319FBA3248}.Debug|iPhoneSimulator.Build.0 = Debug|iPhoneSimulator
		{198C107F-CAFE-49F2-920F-03319FBA3248}.Debug|iPhoneSimulator.Deploy.0 = Debug|iPhoneSimulator
		{198C107F-CAFE-49F2-920F-03319FBA3248}.Debug|x64.ActiveCfg = Debug|iPhone
		{198C107F-CAFE-49F2-920F-03319FBA3248}.Debug|x64.Build.0 = Debug|iPhone
		{198C107F-CAFE-49F2-920F-03319FBA3248}.Debug|x64.Deploy.0 = Debug|iPhone
		{198C107F-CAFE-49F2-920F-03319FBA3248}.Debug|x86.ActiveCfg = Debug|iPhone
		{198C107F-CAFE-49F2-920F-03319FBA3248}.Debug|x86.Build.0 = Debug|iPhone
		{198C107F-CAFE-49F2-920F-03319FBA3248}.Debug|x86.Deploy.0 = Debug|iPhone
		{198C107F-CAFE-49F2-920F-03319FBA3248}.Release|Any CPU.ActiveCfg = Release|iPhone
		{198C107F-CAFE-49F2-920F-03319FBA3248}.Release|Any CPU.Build.0 = Release|iPhone
		{198C107F-CAFE-49F2-920F-03319FBA3248}.Release|Any CPU.Deploy.0 = Release|iPhone
		{198C107F-CAFE-49F2-920F-03319FBA3248}.Release|ARM.ActiveCfg = Release|iPhone
		{198C107F-CAFE-49F2-920F-03319FBA3248}.Release|ARM.Build.0 = Release|iPhone
		{198C107F-CAFE-49F2-920F-03319FBA3248}.Release|ARM.Deploy.0 = Release|iPhone
		{198C107F-CAFE-49F2-920F-03319FBA3248}.Release|iPhone.ActiveCfg = Release|iPhone
		{198C107F-CAFE-49F2-920F-03319FBA3248}.Release|iPhone.Build.0 = Release|iPhone
		{198C107F-CAFE-49F2-920F-03319FBA3248}.Release|iPhone.Deploy.0 = Release|iPhone
		{198C107F-CAFE-49F2-920F-03319FBA3248}.Release|iPhoneSimulator.ActiveCfg = Release|iPhoneSimulator
		{198C107F-CAFE-49F2-920F-03319FBA3248}.Release|iPhoneSimulator.Build.0 = Release|iPhoneSimulator
		{198C107F-CAFE-49F2-920F-03319FBA3248}.Release|iPhoneSimulator.Deploy.0 = Release|iPhoneSimulator
		{198C107F-CAFE-49F2-920F-03319FBA3248}.Release|x64.ActiveCfg = Release|iPhone
		{198C107F-CAFE-49F2-920F-03319FBA3248}.Release|x64.Build.0 = Release|iPhone
		{198C107F-CAFE-49F2-920F-03319FBA3248}.Release|x64.Deploy.0 = Release|iPhone
		{198C107F-CAFE-49F2-920F-03319FBA3248}.Release|x86.ActiveCfg = Release|iPhone
		{198C107F-CAFE-49F2-920F-03319FBA3248}.Release|x86.Build.0 = Release|iPhone
		{198C107F-CAFE-49F2-920F-03319FBA3248}.Release|x86.Deploy.0 = Release|iPhone
		{8C064702-3537-4F42-8AE7-560E2A0BF87E}.Debug|Any CPU.ActiveCfg = Debug|x86
		{8C064702-3537-4F42-8AE7-560E2A0BF87E}.Debug|Any CPU.Build.0 = Debug|x86
		{8C064702-3537-4F42-8AE7-560E2A0BF87E}.Debug|Any CPU.Deploy.0 = Debug|x86
		{8C064702-3537-4F42-8AE7-560E2A0BF87E}.Debug|ARM.ActiveCfg = Debug|ARM
		{8C064702-3537-4F42-8AE7-560E2A0BF87E}.Debug|ARM.Build.0 = Debug|ARM
		{8C064702-3537-4F42-8AE7-560E2A0BF87E}.Debug|ARM.Deploy.0 = Debug|ARM
		{8C064702-3537-4F42-8AE7-560E2A0BF87E}.Debug|iPhone.ActiveCfg = Debug|x86
		{8C064702-3537-4F42-8AE7-560E2A0BF87E}.Debug|iPhone.Build.0 = Debug|x86
		{8C064702-3537-4F42-8AE7-560E2A0BF87E}.Debug|iPhone.Deploy.0 = Debug|x86
		{8C064702-3537-4F42-8AE7-560E2A0BF87E}.Debug|iPhoneSimulator.ActiveCfg = Debug|x86
		{8C064702-3537-4F42-8AE7-560E2A0BF87E}.Debug|iPhoneSimulator.Build.0 = Debug|x86
		{8C064702-3537-4F42-8AE7-560E2A0BF87E}.Debug|iPhoneSimulator.Deploy.0 = Debug|x86
		{8C064702-3537-4F42-8AE7-560E2A0BF87E}.Debug|x64.ActiveCfg = Debug|x64
		{8C064702-3537-4F42-8AE7-560E2A0BF87E}.Debug|x64.Build.0 = Debug|x64
		{8C064702-3537-4F42-8AE7-560E2A0BF87E}.Debug|x64.Deploy.0 = Debug|x64
		{8C064702-3537-4F42-8AE7-560E2A0BF87E}.Debug|x86.ActiveCfg = Debug|x86
		{8C064702-3537-4F42-8AE7-560E2A0BF87E}.Debug|x86.Build.0 = Debug|x86
		{8C064702-3537-4F42-8AE7-560E2A0BF87E}.Debug|x86.Deploy.0 = Debug|x86
		{8C064702-3537-4F42-8AE7-560E2A0BF87E}.Release|Any CPU.ActiveCfg = Release|x86
		{8C064702-3537-4F42-8AE7-560E2A0BF87E}.Release|Any CPU.Build.0 = Release|x86
		{8C064702-3537-4F42-8AE7-560E2A0BF87E}.Release|Any CPU.Deploy.0 = Release|x86
		{8C064702-3537-4F42-8AE7-560E2A0BF87E}.Release|ARM.ActiveCfg = Release|ARM
		{8C064702-3537-4F42-8AE7-560E2A0BF87E}.Release|ARM.Build.0 = Release|ARM
		{8C064702-3537-4F42-8AE7-560E2A0BF87E}.Release|ARM.Deploy.0 = Release|ARM
		{8C064702-3537-4F42-8AE7-560E2A0BF87E}.Release|iPhone.ActiveCfg = Release|x86
		{8C064702-3537-4F42-8AE7-560E2A0BF87E}.Release|iPhone.Build.0 = Release|x86
		{8C064702-3537-4F42-8AE7-560E2A0BF87E}.Release|iPhone.Deploy.0 = Release|x86
		{8C064702-3537-4F42-8AE7-560E2A0BF87E}.Release|iPhoneSimulator.ActiveCfg = Release|x86
		{8C064702-3537-4F42-8AE7-560E2A0BF87E}.Release|iPhoneSimulator.Build.0 = Release|x86
		{8C064702-3537-4F42-8AE7-560E2A0BF87E}.Release|iPhoneSimulator.Deploy.0 = Release|x86
		{8C064702-3537-4F42-8AE7-560E2A0BF87E}.Release|x64.ActiveCfg = Release|x64
		{8C064702-3537-4F42-8AE7-560E2A0BF87E}.Release|x64.Build.0 = Release|x64
		{8C064702-3537-4F42-8AE7-560E2A0BF87E}.Release|x64.Deploy.0 = Release|x64
		{8C064702-3537-4F42-8AE7-560E2A0BF87E}.Release|x86.ActiveCfg = Release|x86
		{8C064702-3537-4F42-8AE7-560E2A0BF87E}.Release|x86.Build.0 = Release|x86
		{8C064702-3537-4F42-8AE7-560E2A0BF87E}.Release|x86.Deploy.0 = Release|x86
		{150185F3-F493-40A8-9451-CF7202DE2052}.Debug|Any CPU.ActiveCfg = Debug|Any CPU
		{150185F3-F493-40A8-9451-CF7202DE2052}.Debug|Any CPU.Build.0 = Debug|Any CPU
		{150185F3-F493-40A8-9451-CF7202DE2052}.Debug|Any CPU.Deploy.0 = Debug|Any CPU
		{150185F3-F493-40A8-9451-CF7202DE2052}.Debug|ARM.ActiveCfg = Debug|Any CPU
		{150185F3-F493-40A8-9451-CF7202DE2052}.Debug|ARM.Build.0 = Debug|Any CPU
		{150185F3-F493-40A8-9451-CF7202DE2052}.Debug|ARM.Deploy.0 = Debug|Any CPU
		{150185F3-F493-40A8-9451-CF7202DE2052}.Debug|iPhone.ActiveCfg = Debug|Any CPU
		{150185F3-F493-40A8-9451-CF7202DE2052}.Debug|iPhone.Build.0 = Debug|Any CPU
		{150185F3-F493-40A8-9451-CF7202DE2052}.Debug|iPhone.Deploy.0 = Debug|Any CPU
		{150185F3-F493-40A8-9451-CF7202DE2052}.Debug|iPhoneSimulator.ActiveCfg = Debug|Any CPU
		{150185F3-F493-40A8-9451-CF7202DE2052}.Debug|iPhoneSimulator.Build.0 = Debug|Any CPU
		{150185F3-F493-40A8-9451-CF7202DE2052}.Debug|iPhoneSimulator.Deploy.0 = Debug|Any CPU
		{150185F3-F493-40A8-9451-CF7202DE2052}.Debug|x64.ActiveCfg = Debug|Any CPU
		{150185F3-F493-40A8-9451-CF7202DE2052}.Debug|x64.Build.0 = Debug|Any CPU
		{150185F3-F493-40A8-9451-CF7202DE2052}.Debug|x64.Deploy.0 = Debug|Any CPU
		{150185F3-F493-40A8-9451-CF7202DE2052}.Debug|x86.ActiveCfg = Debug|Any CPU
		{150185F3-F493-40A8-9451-CF7202DE2052}.Debug|x86.Build.0 = Debug|Any CPU
		{150185F3-F493-40A8-9451-CF7202DE2052}.Debug|x86.Deploy.0 = Debug|Any CPU
		{150185F3-F493-40A8-9451-CF7202DE2052}.Release|Any CPU.ActiveCfg = Release|Any CPU
		{150185F3-F493-40A8-9451-CF7202DE2052}.Release|Any CPU.Build.0 = Release|Any CPU
		{150185F3-F493-40A8-9451-CF7202DE2052}.Release|Any CPU.Deploy.0 = Release|Any CPU
		{150185F3-F493-40A8-9451-CF7202DE2052}.Release|ARM.ActiveCfg = Release|Any CPU
		{150185F3-F493-40A8-9451-CF7202DE2052}.Release|ARM.Build.0 = Release|Any CPU
		{150185F3-F493-40A8-9451-CF7202DE2052}.Release|ARM.Deploy.0 = Release|Any CPU
		{150185F3-F493-40A8-9451-CF7202DE2052}.Release|iPhone.ActiveCfg = Release|Any CPU
		{150185F3-F493-40A8-9451-CF7202DE2052}.Release|iPhone.Build.0 = Release|Any CPU
		{150185F3-F493-40A8-9451-CF7202DE2052}.Release|iPhone.Deploy.0 = Release|Any CPU
		{150185F3-F493-40A8-9451-CF7202DE2052}.Release|iPhoneSimulator.ActiveCfg = Release|Any CPU
		{150185F3-F493-40A8-9451-CF7202DE2052}.Release|iPhoneSimulator.Build.0 = Release|Any CPU
		{150185F3-F493-40A8-9451-CF7202DE2052}.Release|iPhoneSimulator.Deploy.0 = Release|Any CPU
		{150185F3-F493-40A8-9451-CF7202DE2052}.Release|x64.ActiveCfg = Release|Any CPU
		{150185F3-F493-40A8-9451-CF7202DE2052}.Release|x64.Build.0 = Release|Any CPU
		{150185F3-F493-40A8-9451-CF7202DE2052}.Release|x64.Deploy.0 = Release|Any CPU
		{150185F3-F493-40A8-9451-CF7202DE2052}.Release|x86.ActiveCfg = Release|Any CPU
		{150185F3-F493-40A8-9451-CF7202DE2052}.Release|x86.Build.0 = Release|Any CPU
		{150185F3-F493-40A8-9451-CF7202DE2052}.Release|x86.Deploy.0 = Release|Any CPU
	EndGlobalSection
	GlobalSection(SolutionProperties) = preSolution
		HideSolutionNode = FALSE
	EndGlobalSection
	GlobalSection(ExtensibilityGlobals) = postSolution
		SolutionGuid = {56C3DD77-75CA-451F-A31E-72A8244C930A}
	EndGlobalSection
EndGlobal
